// !$*UTF8*$!
{
	archiveVersion = 1;
	classes = {
	};
	objectVersion = 46;
	objects = {

/* Begin PBXBuildFile section */
		284B9CDC1971C6830049BCB9 /* SMOverlayView.m in Sources */ = {isa = PBXBuildFile; fileRef = 284B9CDB1971C6830049BCB9 /* SMOverlayView.m */; };
		2856F7B21973600700FC3316 /* SMMovieModel.m in Sources */ = {isa = PBXBuildFile; fileRef = 2856F7B11973600700FC3316 /* SMMovieModel.m */; };
		2856F7B51973622A00FC3316 /* SMPhotoModel.m in Sources */ = {isa = PBXBuildFile; fileRef = 2856F7B41973622A00FC3316 /* SMPhotoModel.m */; };
		286B94C21970F1FB00C8F2C8 /* AFHTTPRequestOperation.m in Sources */ = {isa = PBXBuildFile; fileRef = 286B949E1970F1FB00C8F2C8 /* AFHTTPRequestOperation.m */; };
		286B94C31970F1FB00C8F2C8 /* AFHTTPRequestOperationManager.m in Sources */ = {isa = PBXBuildFile; fileRef = 286B94A01970F1FB00C8F2C8 /* AFHTTPRequestOperationManager.m */; };
		286B94C41970F1FB00C8F2C8 /* AFHTTPSessionManager.m in Sources */ = {isa = PBXBuildFile; fileRef = 286B94A21970F1FB00C8F2C8 /* AFHTTPSessionManager.m */; };
		286B94C51970F1FB00C8F2C8 /* AFNetworkReachabilityManager.m in Sources */ = {isa = PBXBuildFile; fileRef = 286B94A51970F1FB00C8F2C8 /* AFNetworkReachabilityManager.m */; };
		286B94C61970F1FB00C8F2C8 /* AFSecurityPolicy.m in Sources */ = {isa = PBXBuildFile; fileRef = 286B94A71970F1FB00C8F2C8 /* AFSecurityPolicy.m */; };
		286B94C71970F1FB00C8F2C8 /* AFURLConnectionOperation.m in Sources */ = {isa = PBXBuildFile; fileRef = 286B94A91970F1FB00C8F2C8 /* AFURLConnectionOperation.m */; };
		286B94C81970F1FB00C8F2C8 /* AFURLRequestSerialization.m in Sources */ = {isa = PBXBuildFile; fileRef = 286B94AB1970F1FB00C8F2C8 /* AFURLRequestSerialization.m */; };
		286B94C91970F1FB00C8F2C8 /* AFURLResponseSerialization.m in Sources */ = {isa = PBXBuildFile; fileRef = 286B94AD1970F1FB00C8F2C8 /* AFURLResponseSerialization.m */; };
		286B94CA1970F1FB00C8F2C8 /* AFURLSessionManager.m in Sources */ = {isa = PBXBuildFile; fileRef = 286B94AF1970F1FB00C8F2C8 /* AFURLSessionManager.m */; };
		286B94CB1970F1FB00C8F2C8 /* AFNetworkActivityIndicatorManager.m in Sources */ = {isa = PBXBuildFile; fileRef = 286B94B21970F1FB00C8F2C8 /* AFNetworkActivityIndicatorManager.m */; };
		286B94CC1970F1FB00C8F2C8 /* UIActivityIndicatorView+AFNetworking.m in Sources */ = {isa = PBXBuildFile; fileRef = 286B94B41970F1FB00C8F2C8 /* UIActivityIndicatorView+AFNetworking.m */; };
		286B94CD1970F1FB00C8F2C8 /* UIAlertView+AFNetworking.m in Sources */ = {isa = PBXBuildFile; fileRef = 286B94B61970F1FB00C8F2C8 /* UIAlertView+AFNetworking.m */; };
		286B94CE1970F1FB00C8F2C8 /* UIButton+AFNetworking.m in Sources */ = {isa = PBXBuildFile; fileRef = 286B94B81970F1FB00C8F2C8 /* UIButton+AFNetworking.m */; };
		286B94CF1970F1FB00C8F2C8 /* UIImageView+AFNetworking.m in Sources */ = {isa = PBXBuildFile; fileRef = 286B94BA1970F1FB00C8F2C8 /* UIImageView+AFNetworking.m */; };
		286B94D01970F1FB00C8F2C8 /* UIProgressView+AFNetworking.m in Sources */ = {isa = PBXBuildFile; fileRef = 286B94BD1970F1FB00C8F2C8 /* UIProgressView+AFNetworking.m */; };
		286B94D11970F1FB00C8F2C8 /* UIRefreshControl+AFNetworking.m in Sources */ = {isa = PBXBuildFile; fileRef = 286B94BF1970F1FB00C8F2C8 /* UIRefreshControl+AFNetworking.m */; };
		286B94D21970F1FB00C8F2C8 /* UIWebView+AFNetworking.m in Sources */ = {isa = PBXBuildFile; fileRef = 286B94C11970F1FB00C8F2C8 /* UIWebView+AFNetworking.m */; };
		286B94EF1970F50F00C8F2C8 /* JSONModel+CoreData.m in Sources */ = {isa = PBXBuildFile; fileRef = 286B94D61970F50F00C8F2C8 /* JSONModel+CoreData.m */; };
		286B94F01970F50F00C8F2C8 /* JSONModel.m in Sources */ = {isa = PBXBuildFile; fileRef = 286B94D81970F50F00C8F2C8 /* JSONModel.m */; };
		286B94F11970F50F00C8F2C8 /* JSONModelArray.m in Sources */ = {isa = PBXBuildFile; fileRef = 286B94DA1970F50F00C8F2C8 /* JSONModelArray.m */; };
		286B94F21970F50F00C8F2C8 /* JSONModelClassProperty.m in Sources */ = {isa = PBXBuildFile; fileRef = 286B94DC1970F50F00C8F2C8 /* JSONModelClassProperty.m */; };
		286B94F31970F50F00C8F2C8 /* JSONModelError.m in Sources */ = {isa = PBXBuildFile; fileRef = 286B94DE1970F50F00C8F2C8 /* JSONModelError.m */; };
		286B94F41970F50F00C8F2C8 /* NSArray+JSONModel.m in Sources */ = {isa = PBXBuildFile; fileRef = 286B94E11970F50F00C8F2C8 /* NSArray+JSONModel.m */; };
		286B94F51970F50F00C8F2C8 /* JSONAPI.m in Sources */ = {isa = PBXBuildFile; fileRef = 286B94E51970F50F00C8F2C8 /* JSONAPI.m */; };
		286B94F61970F50F00C8F2C8 /* JSONHTTPClient.m in Sources */ = {isa = PBXBuildFile; fileRef = 286B94E71970F50F00C8F2C8 /* JSONHTTPClient.m */; };
		286B94F71970F50F00C8F2C8 /* JSONModel+networking.m in Sources */ = {isa = PBXBuildFile; fileRef = 286B94E91970F50F00C8F2C8 /* JSONModel+networking.m */; };
		286B94F81970F50F00C8F2C8 /* JSONKeyMapper.m in Sources */ = {isa = PBXBuildFile; fileRef = 286B94EC1970F50F00C8F2C8 /* JSONKeyMapper.m */; };
		286B94F91970F50F00C8F2C8 /* JSONValueTransformer.m in Sources */ = {isa = PBXBuildFile; fileRef = 286B94EE1970F50F00C8F2C8 /* JSONValueTransformer.m */; };
		286B95001970F91F00C8F2C8 /* SMRottenTomatoesFeed.m in Sources */ = {isa = PBXBuildFile; fileRef = 286B94FF1970F91F00C8F2C8 /* SMRottenTomatoesFeed.m */; };
		288574911972524F009D7A9E /* libc++.dylib in Frameworks */ = {isa = PBXBuildFile; fileRef = 288574901972524F009D7A9E /* libc++.dylib */; };
		28AF7E431970B86500EA07FD /* Foundation.framework in Frameworks */ = {isa = PBXBuildFile; fileRef = 28AF7E421970B86500EA07FD /* Foundation.framework */; };
		28AF7E451970B86500EA07FD /* CoreGraphics.framework in Frameworks */ = {isa = PBXBuildFile; fileRef = 28AF7E441970B86500EA07FD /* CoreGraphics.framework */; };
		28AF7E471970B86500EA07FD /* UIKit.framework in Frameworks */ = {isa = PBXBuildFile; fileRef = 28AF7E461970B86500EA07FD /* UIKit.framework */; };
		28AF7E4D1970B86500EA07FD /* InfoPlist.strings in Resources */ = {isa = PBXBuildFile; fileRef = 28AF7E4B1970B86500EA07FD /* InfoPlist.strings */; };
		28AF7E4F1970B86500EA07FD /* main.m in Sources */ = {isa = PBXBuildFile; fileRef = 28AF7E4E1970B86500EA07FD /* main.m */; };
		28AF7E531970B86500EA07FD /* SMAppDelegate.m in Sources */ = {isa = PBXBuildFile; fileRef = 28AF7E521970B86500EA07FD /* SMAppDelegate.m */; };
		28AF7E561970B86500EA07FD /* Main.storyboard in Resources */ = {isa = PBXBuildFile; fileRef = 28AF7E541970B86500EA07FD /* Main.storyboard */; };
		28AF7E591970B86500EA07FD /* SMViewController.m in Sources */ = {isa = PBXBuildFile; fileRef = 28AF7E581970B86500EA07FD /* SMViewController.m */; };
		28AF7E5B1970B86500EA07FD /* Images.xcassets in Resources */ = {isa = PBXBuildFile; fileRef = 28AF7E5A1970B86500EA07FD /* Images.xcassets */; };
		28AF7E621970B86600EA07FD /* XCTest.framework in Frameworks */ = {isa = PBXBuildFile; fileRef = 28AF7E611970B86600EA07FD /* XCTest.framework */; };
		28AF7E631970B86600EA07FD /* Foundation.framework in Frameworks */ = {isa = PBXBuildFile; fileRef = 28AF7E421970B86500EA07FD /* Foundation.framework */; };
		28AF7E641970B86600EA07FD /* UIKit.framework in Frameworks */ = {isa = PBXBuildFile; fileRef = 28AF7E461970B86500EA07FD /* UIKit.framework */; };
		28AF7E6C1970B86600EA07FD /* InfoPlist.strings in Resources */ = {isa = PBXBuildFile; fileRef = 28AF7E6A1970B86600EA07FD /* InfoPlist.strings */; };
		28AF7E6E1970B86600EA07FD /* ShaunMerritt_AfterburnerApplicationTests.m in Sources */ = {isa = PBXBuildFile; fileRef = 28AF7E6D1970B86600EA07FD /* ShaunMerritt_AfterburnerApplicationTests.m */; };
		28AF7E791970C14300EA07FD /* SMRateMoviesViewController.m in Sources */ = {isa = PBXBuildFile; fileRef = 28AF7E781970C14300EA07FD /* SMRateMoviesViewController.m */; };
		E05E79CBF9B042278FFBD833 /* libPods-ShaunMerritt_AfterburnerApplication.a in Frameworks */ = {isa = PBXBuildFile; fileRef = E9989983132F4E3E81D46B86 /* libPods-ShaunMerritt_AfterburnerApplication.a */; };
/* End PBXBuildFile section */

/* Begin PBXContainerItemProxy section */
		28AF7E651970B86600EA07FD /* PBXContainerItemProxy */ = {
			isa = PBXContainerItemProxy;
			containerPortal = 28AF7E371970B86500EA07FD /* Project object */;
			proxyType = 1;
			remoteGlobalIDString = 28AF7E3E1970B86500EA07FD;
			remoteInfo = ShaunMerritt_AfterburnerApplication;
		};
/* End PBXContainerItemProxy section */

/* Begin PBXFileReference section */
		284B9CDA1971C6830049BCB9 /* SMOverlayView.h */ = {isa = PBXFileReference; fileEncoding = 4; lastKnownFileType = sourcecode.c.h; path = SMOverlayView.h; sourceTree = "<group>"; };
		284B9CDB1971C6830049BCB9 /* SMOverlayView.m */ = {isa = PBXFileReference; fileEncoding = 4; lastKnownFileType = sourcecode.c.objc; path = SMOverlayView.m; sourceTree = "<group>"; };
		2856F7B11973600700FC3316 /* SMMovieModel.m */ = {isa = PBXFileReference; fileEncoding = 4; lastKnownFileType = sourcecode.c.objc; path = SMMovieModel.m; sourceTree = "<group>"; };
		2856F7B31973622A00FC3316 /* SMPhotoModel.h */ = {isa = PBXFileReference; fileEncoding = 4; lastKnownFileType = sourcecode.c.h; path = SMPhotoModel.h; sourceTree = "<group>"; };
		2856F7B41973622A00FC3316 /* SMPhotoModel.m */ = {isa = PBXFileReference; fileEncoding = 4; lastKnownFileType = sourcecode.c.objc; path = SMPhotoModel.m; sourceTree = "<group>"; };
		2856F7B61973625100FC3316 /* SMMovieModel.h */ = {isa = PBXFileReference; lastKnownFileType = sourcecode.c.h; path = SMMovieModel.h; sourceTree = "<group>"; };
		286B949D1970F1FB00C8F2C8 /* AFHTTPRequestOperation.h */ = {isa = PBXFileReference; fileEncoding = 4; lastKnownFileType = sourcecode.c.h; path = AFHTTPRequestOperation.h; sourceTree = "<group>"; };
		286B949E1970F1FB00C8F2C8 /* AFHTTPRequestOperation.m */ = {isa = PBXFileReference; fileEncoding = 4; lastKnownFileType = sourcecode.c.objc; path = AFHTTPRequestOperation.m; sourceTree = "<group>"; };
		286B949F1970F1FB00C8F2C8 /* AFHTTPRequestOperationManager.h */ = {isa = PBXFileReference; fileEncoding = 4; lastKnownFileType = sourcecode.c.h; path = AFHTTPRequestOperationManager.h; sourceTree = "<group>"; };
		286B94A01970F1FB00C8F2C8 /* AFHTTPRequestOperationManager.m */ = {isa = PBXFileReference; fileEncoding = 4; lastKnownFileType = sourcecode.c.objc; path = AFHTTPRequestOperationManager.m; sourceTree = "<group>"; };
		286B94A11970F1FB00C8F2C8 /* AFHTTPSessionManager.h */ = {isa = PBXFileReference; fileEncoding = 4; lastKnownFileType = sourcecode.c.h; path = AFHTTPSessionManager.h; sourceTree = "<group>"; };
		286B94A21970F1FB00C8F2C8 /* AFHTTPSessionManager.m */ = {isa = PBXFileReference; fileEncoding = 4; lastKnownFileType = sourcecode.c.objc; path = AFHTTPSessionManager.m; sourceTree = "<group>"; };
		286B94A31970F1FB00C8F2C8 /* AFNetworking.h */ = {isa = PBXFileReference; fileEncoding = 4; lastKnownFileType = sourcecode.c.h; path = AFNetworking.h; sourceTree = "<group>"; };
		286B94A41970F1FB00C8F2C8 /* AFNetworkReachabilityManager.h */ = {isa = PBXFileReference; fileEncoding = 4; lastKnownFileType = sourcecode.c.h; path = AFNetworkReachabilityManager.h; sourceTree = "<group>"; };
		286B94A51970F1FB00C8F2C8 /* AFNetworkReachabilityManager.m */ = {isa = PBXFileReference; fileEncoding = 4; lastKnownFileType = sourcecode.c.objc; path = AFNetworkReachabilityManager.m; sourceTree = "<group>"; };
		286B94A61970F1FB00C8F2C8 /* AFSecurityPolicy.h */ = {isa = PBXFileReference; fileEncoding = 4; lastKnownFileType = sourcecode.c.h; path = AFSecurityPolicy.h; sourceTree = "<group>"; };
		286B94A71970F1FB00C8F2C8 /* AFSecurityPolicy.m */ = {isa = PBXFileReference; fileEncoding = 4; lastKnownFileType = sourcecode.c.objc; path = AFSecurityPolicy.m; sourceTree = "<group>"; };
		286B94A81970F1FB00C8F2C8 /* AFURLConnectionOperation.h */ = {isa = PBXFileReference; fileEncoding = 4; lastKnownFileType = sourcecode.c.h; path = AFURLConnectionOperation.h; sourceTree = "<group>"; };
		286B94A91970F1FB00C8F2C8 /* AFURLConnectionOperation.m */ = {isa = PBXFileReference; fileEncoding = 4; lastKnownFileType = sourcecode.c.objc; path = AFURLConnectionOperation.m; sourceTree = "<group>"; };
		286B94AA1970F1FB00C8F2C8 /* AFURLRequestSerialization.h */ = {isa = PBXFileReference; fileEncoding = 4; lastKnownFileType = sourcecode.c.h; path = AFURLRequestSerialization.h; sourceTree = "<group>"; };
		286B94AB1970F1FB00C8F2C8 /* AFURLRequestSerialization.m */ = {isa = PBXFileReference; fileEncoding = 4; lastKnownFileType = sourcecode.c.objc; path = AFURLRequestSerialization.m; sourceTree = "<group>"; };
		286B94AC1970F1FB00C8F2C8 /* AFURLResponseSerialization.h */ = {isa = PBXFileReference; fileEncoding = 4; lastKnownFileType = sourcecode.c.h; path = AFURLResponseSerialization.h; sourceTree = "<group>"; };
		286B94AD1970F1FB00C8F2C8 /* AFURLResponseSerialization.m */ = {isa = PBXFileReference; fileEncoding = 4; lastKnownFileType = sourcecode.c.objc; path = AFURLResponseSerialization.m; sourceTree = "<group>"; };
		286B94AE1970F1FB00C8F2C8 /* AFURLSessionManager.h */ = {isa = PBXFileReference; fileEncoding = 4; lastKnownFileType = sourcecode.c.h; path = AFURLSessionManager.h; sourceTree = "<group>"; };
		286B94AF1970F1FB00C8F2C8 /* AFURLSessionManager.m */ = {isa = PBXFileReference; fileEncoding = 4; lastKnownFileType = sourcecode.c.objc; path = AFURLSessionManager.m; sourceTree = "<group>"; };
		286B94B11970F1FB00C8F2C8 /* AFNetworkActivityIndicatorManager.h */ = {isa = PBXFileReference; fileEncoding = 4; lastKnownFileType = sourcecode.c.h; path = AFNetworkActivityIndicatorManager.h; sourceTree = "<group>"; };
		286B94B21970F1FB00C8F2C8 /* AFNetworkActivityIndicatorManager.m */ = {isa = PBXFileReference; fileEncoding = 4; lastKnownFileType = sourcecode.c.objc; path = AFNetworkActivityIndicatorManager.m; sourceTree = "<group>"; };
		286B94B31970F1FB00C8F2C8 /* UIActivityIndicatorView+AFNetworking.h */ = {isa = PBXFileReference; fileEncoding = 4; lastKnownFileType = sourcecode.c.h; path = "UIActivityIndicatorView+AFNetworking.h"; sourceTree = "<group>"; };
		286B94B41970F1FB00C8F2C8 /* UIActivityIndicatorView+AFNetworking.m */ = {isa = PBXFileReference; fileEncoding = 4; lastKnownFileType = sourcecode.c.objc; path = "UIActivityIndicatorView+AFNetworking.m"; sourceTree = "<group>"; };
		286B94B51970F1FB00C8F2C8 /* UIAlertView+AFNetworking.h */ = {isa = PBXFileReference; fileEncoding = 4; lastKnownFileType = sourcecode.c.h; path = "UIAlertView+AFNetworking.h"; sourceTree = "<group>"; };
		286B94B61970F1FB00C8F2C8 /* UIAlertView+AFNetworking.m */ = {isa = PBXFileReference; fileEncoding = 4; lastKnownFileType = sourcecode.c.objc; path = "UIAlertView+AFNetworking.m"; sourceTree = "<group>"; };
		286B94B71970F1FB00C8F2C8 /* UIButton+AFNetworking.h */ = {isa = PBXFileReference; fileEncoding = 4; lastKnownFileType = sourcecode.c.h; path = "UIButton+AFNetworking.h"; sourceTree = "<group>"; };
		286B94B81970F1FB00C8F2C8 /* UIButton+AFNetworking.m */ = {isa = PBXFileReference; fileEncoding = 4; lastKnownFileType = sourcecode.c.objc; path = "UIButton+AFNetworking.m"; sourceTree = "<group>"; };
		286B94B91970F1FB00C8F2C8 /* UIImageView+AFNetworking.h */ = {isa = PBXFileReference; fileEncoding = 4; lastKnownFileType = sourcecode.c.h; path = "UIImageView+AFNetworking.h"; sourceTree = "<group>"; };
		286B94BA1970F1FB00C8F2C8 /* UIImageView+AFNetworking.m */ = {isa = PBXFileReference; fileEncoding = 4; lastKnownFileType = sourcecode.c.objc; path = "UIImageView+AFNetworking.m"; sourceTree = "<group>"; };
		286B94BB1970F1FB00C8F2C8 /* UIKit+AFNetworking.h */ = {isa = PBXFileReference; fileEncoding = 4; lastKnownFileType = sourcecode.c.h; path = "UIKit+AFNetworking.h"; sourceTree = "<group>"; };
		286B94BC1970F1FB00C8F2C8 /* UIProgressView+AFNetworking.h */ = {isa = PBXFileReference; fileEncoding = 4; lastKnownFileType = sourcecode.c.h; path = "UIProgressView+AFNetworking.h"; sourceTree = "<group>"; };
		286B94BD1970F1FB00C8F2C8 /* UIProgressView+AFNetworking.m */ = {isa = PBXFileReference; fileEncoding = 4; lastKnownFileType = sourcecode.c.objc; path = "UIProgressView+AFNetworking.m"; sourceTree = "<group>"; };
		286B94BE1970F1FB00C8F2C8 /* UIRefreshControl+AFNetworking.h */ = {isa = PBXFileReference; fileEncoding = 4; lastKnownFileType = sourcecode.c.h; path = "UIRefreshControl+AFNetworking.h"; sourceTree = "<group>"; };
		286B94BF1970F1FB00C8F2C8 /* UIRefreshControl+AFNetworking.m */ = {isa = PBXFileReference; fileEncoding = 4; lastKnownFileType = sourcecode.c.objc; path = "UIRefreshControl+AFNetworking.m"; sourceTree = "<group>"; };
		286B94C01970F1FB00C8F2C8 /* UIWebView+AFNetworking.h */ = {isa = PBXFileReference; fileEncoding = 4; lastKnownFileType = sourcecode.c.h; path = "UIWebView+AFNetworking.h"; sourceTree = "<group>"; };
		286B94C11970F1FB00C8F2C8 /* UIWebView+AFNetworking.m */ = {isa = PBXFileReference; fileEncoding = 4; lastKnownFileType = sourcecode.c.objc; path = "UIWebView+AFNetworking.m"; sourceTree = "<group>"; };
		286B94D51970F50F00C8F2C8 /* JSONModel+CoreData.h */ = {isa = PBXFileReference; fileEncoding = 4; lastKnownFileType = sourcecode.c.h; path = "JSONModel+CoreData.h"; sourceTree = "<group>"; };
		286B94D61970F50F00C8F2C8 /* JSONModel+CoreData.m */ = {isa = PBXFileReference; fileEncoding = 4; lastKnownFileType = sourcecode.c.objc; path = "JSONModel+CoreData.m"; sourceTree = "<group>"; };
		286B94D71970F50F00C8F2C8 /* JSONModel.h */ = {isa = PBXFileReference; fileEncoding = 4; lastKnownFileType = sourcecode.c.h; path = JSONModel.h; sourceTree = "<group>"; };
		286B94D81970F50F00C8F2C8 /* JSONModel.m */ = {isa = PBXFileReference; fileEncoding = 4; lastKnownFileType = sourcecode.c.objc; path = JSONModel.m; sourceTree = "<group>"; };
		286B94D91970F50F00C8F2C8 /* JSONModelArray.h */ = {isa = PBXFileReference; fileEncoding = 4; lastKnownFileType = sourcecode.c.h; path = JSONModelArray.h; sourceTree = "<group>"; };
		286B94DA1970F50F00C8F2C8 /* JSONModelArray.m */ = {isa = PBXFileReference; fileEncoding = 4; lastKnownFileType = sourcecode.c.objc; path = JSONModelArray.m; sourceTree = "<group>"; };
		286B94DB1970F50F00C8F2C8 /* JSONModelClassProperty.h */ = {isa = PBXFileReference; fileEncoding = 4; lastKnownFileType = sourcecode.c.h; path = JSONModelClassProperty.h; sourceTree = "<group>"; };
		286B94DC1970F50F00C8F2C8 /* JSONModelClassProperty.m */ = {isa = PBXFileReference; fileEncoding = 4; lastKnownFileType = sourcecode.c.objc; path = JSONModelClassProperty.m; sourceTree = "<group>"; };
		286B94DD1970F50F00C8F2C8 /* JSONModelError.h */ = {isa = PBXFileReference; fileEncoding = 4; lastKnownFileType = sourcecode.c.h; path = JSONModelError.h; sourceTree = "<group>"; };
		286B94DE1970F50F00C8F2C8 /* JSONModelError.m */ = {isa = PBXFileReference; fileEncoding = 4; lastKnownFileType = sourcecode.c.objc; path = JSONModelError.m; sourceTree = "<group>"; };
		286B94E01970F50F00C8F2C8 /* NSArray+JSONModel.h */ = {isa = PBXFileReference; fileEncoding = 4; lastKnownFileType = sourcecode.c.h; path = "NSArray+JSONModel.h"; sourceTree = "<group>"; };
		286B94E11970F50F00C8F2C8 /* NSArray+JSONModel.m */ = {isa = PBXFileReference; fileEncoding = 4; lastKnownFileType = sourcecode.c.objc; path = "NSArray+JSONModel.m"; sourceTree = "<group>"; };
		286B94E21970F50F00C8F2C8 /* JSONModelLib.h */ = {isa = PBXFileReference; fileEncoding = 4; lastKnownFileType = sourcecode.c.h; path = JSONModelLib.h; sourceTree = "<group>"; };
		286B94E41970F50F00C8F2C8 /* JSONAPI.h */ = {isa = PBXFileReference; fileEncoding = 4; lastKnownFileType = sourcecode.c.h; path = JSONAPI.h; sourceTree = "<group>"; };
		286B94E51970F50F00C8F2C8 /* JSONAPI.m */ = {isa = PBXFileReference; fileEncoding = 4; lastKnownFileType = sourcecode.c.objc; path = JSONAPI.m; sourceTree = "<group>"; };
		286B94E61970F50F00C8F2C8 /* JSONHTTPClient.h */ = {isa = PBXFileReference; fileEncoding = 4; lastKnownFileType = sourcecode.c.h; path = JSONHTTPClient.h; sourceTree = "<group>"; };
		286B94E71970F50F00C8F2C8 /* JSONHTTPClient.m */ = {isa = PBXFileReference; fileEncoding = 4; lastKnownFileType = sourcecode.c.objc; path = JSONHTTPClient.m; sourceTree = "<group>"; };
		286B94E81970F50F00C8F2C8 /* JSONModel+networking.h */ = {isa = PBXFileReference; fileEncoding = 4; lastKnownFileType = sourcecode.c.h; path = "JSONModel+networking.h"; sourceTree = "<group>"; };
		286B94E91970F50F00C8F2C8 /* JSONModel+networking.m */ = {isa = PBXFileReference; fileEncoding = 4; lastKnownFileType = sourcecode.c.objc; path = "JSONModel+networking.m"; sourceTree = "<group>"; };
		286B94EB1970F50F00C8F2C8 /* JSONKeyMapper.h */ = {isa = PBXFileReference; fileEncoding = 4; lastKnownFileType = sourcecode.c.h; path = JSONKeyMapper.h; sourceTree = "<group>"; };
		286B94EC1970F50F00C8F2C8 /* JSONKeyMapper.m */ = {isa = PBXFileReference; fileEncoding = 4; lastKnownFileType = sourcecode.c.objc; path = JSONKeyMapper.m; sourceTree = "<group>"; };
		286B94ED1970F50F00C8F2C8 /* JSONValueTransformer.h */ = {isa = PBXFileReference; fileEncoding = 4; lastKnownFileType = sourcecode.c.h; path = JSONValueTransformer.h; sourceTree = "<group>"; };
		286B94EE1970F50F00C8F2C8 /* JSONValueTransformer.m */ = {isa = PBXFileReference; fileEncoding = 4; lastKnownFileType = sourcecode.c.objc; path = JSONValueTransformer.m; sourceTree = "<group>"; };
		286B94FE1970F91F00C8F2C8 /* SMRottenTomatoesFeed.h */ = {isa = PBXFileReference; fileEncoding = 4; lastKnownFileType = sourcecode.c.h; path = SMRottenTomatoesFeed.h; sourceTree = "<group>"; };
		286B94FF1970F91F00C8F2C8 /* SMRottenTomatoesFeed.m */ = {isa = PBXFileReference; fileEncoding = 4; lastKnownFileType = sourcecode.c.objc; path = SMRottenTomatoesFeed.m; sourceTree = "<group>"; };
		288574901972524F009D7A9E /* libc++.dylib */ = {isa = PBXFileReference; lastKnownFileType = "compiled.mach-o.dylib"; name = "libc++.dylib"; path = "usr/lib/libc++.dylib"; sourceTree = SDKROOT; };
		28AF7E3F1970B86500EA07FD /* ShaunMerritt_AfterburnerApplication.app */ = {isa = PBXFileReference; explicitFileType = wrapper.application; includeInIndex = 0; path = ShaunMerritt_AfterburnerApplication.app; sourceTree = BUILT_PRODUCTS_DIR; };
		28AF7E421970B86500EA07FD /* Foundation.framework */ = {isa = PBXFileReference; lastKnownFileType = wrapper.framework; name = Foundation.framework; path = System/Library/Frameworks/Foundation.framework; sourceTree = SDKROOT; };
		28AF7E441970B86500EA07FD /* CoreGraphics.framework */ = {isa = PBXFileReference; lastKnownFileType = wrapper.framework; name = CoreGraphics.framework; path = System/Library/Frameworks/CoreGraphics.framework; sourceTree = SDKROOT; };
		28AF7E461970B86500EA07FD /* UIKit.framework */ = {isa = PBXFileReference; lastKnownFileType = wrapper.framework; name = UIKit.framework; path = System/Library/Frameworks/UIKit.framework; sourceTree = SDKROOT; };
		28AF7E4A1970B86500EA07FD /* ShaunMerritt_AfterburnerApplication-Info.plist */ = {isa = PBXFileReference; lastKnownFileType = text.plist.xml; path = "ShaunMerritt_AfterburnerApplication-Info.plist"; sourceTree = "<group>"; };
		28AF7E4C1970B86500EA07FD /* en */ = {isa = PBXFileReference; lastKnownFileType = text.plist.strings; name = en; path = en.lproj/InfoPlist.strings; sourceTree = "<group>"; };
		28AF7E4E1970B86500EA07FD /* main.m */ = {isa = PBXFileReference; lastKnownFileType = sourcecode.c.objc; path = main.m; sourceTree = "<group>"; };
		28AF7E501970B86500EA07FD /* ShaunMerritt_AfterburnerApplication-Prefix.pch */ = {isa = PBXFileReference; lastKnownFileType = sourcecode.c.h; path = "ShaunMerritt_AfterburnerApplication-Prefix.pch"; sourceTree = "<group>"; };
		28AF7E511970B86500EA07FD /* SMAppDelegate.h */ = {isa = PBXFileReference; lastKnownFileType = sourcecode.c.h; path = SMAppDelegate.h; sourceTree = "<group>"; };
		28AF7E521970B86500EA07FD /* SMAppDelegate.m */ = {isa = PBXFileReference; lastKnownFileType = sourcecode.c.objc; path = SMAppDelegate.m; sourceTree = "<group>"; };
		28AF7E551970B86500EA07FD /* Base */ = {isa = PBXFileReference; lastKnownFileType = file.storyboard; name = Base; path = Base.lproj/Main.storyboard; sourceTree = "<group>"; };
		28AF7E571970B86500EA07FD /* SMViewController.h */ = {isa = PBXFileReference; lastKnownFileType = sourcecode.c.h; path = SMViewController.h; sourceTree = "<group>"; };
		28AF7E581970B86500EA07FD /* SMViewController.m */ = {isa = PBXFileReference; lastKnownFileType = sourcecode.c.objc; path = SMViewController.m; sourceTree = "<group>"; };
		28AF7E5A1970B86500EA07FD /* Images.xcassets */ = {isa = PBXFileReference; lastKnownFileType = folder.assetcatalog; path = Images.xcassets; sourceTree = "<group>"; };
		28AF7E601970B86600EA07FD /* ShaunMerritt_AfterburnerApplicationTests.xctest */ = {isa = PBXFileReference; explicitFileType = wrapper.cfbundle; includeInIndex = 0; path = ShaunMerritt_AfterburnerApplicationTests.xctest; sourceTree = BUILT_PRODUCTS_DIR; };
		28AF7E611970B86600EA07FD /* XCTest.framework */ = {isa = PBXFileReference; lastKnownFileType = wrapper.framework; name = XCTest.framework; path = Library/Frameworks/XCTest.framework; sourceTree = DEVELOPER_DIR; };
		28AF7E691970B86600EA07FD /* ShaunMerritt_AfterburnerApplicationTests-Info.plist */ = {isa = PBXFileReference; lastKnownFileType = text.plist.xml; path = "ShaunMerritt_AfterburnerApplicationTests-Info.plist"; sourceTree = "<group>"; };
		28AF7E6B1970B86600EA07FD /* en */ = {isa = PBXFileReference; lastKnownFileType = text.plist.strings; name = en; path = en.lproj/InfoPlist.strings; sourceTree = "<group>"; };
		28AF7E6D1970B86600EA07FD /* ShaunMerritt_AfterburnerApplicationTests.m */ = {isa = PBXFileReference; lastKnownFileType = sourcecode.c.objc; path = ShaunMerritt_AfterburnerApplicationTests.m; sourceTree = "<group>"; };
		28AF7E771970C14300EA07FD /* SMRateMoviesViewController.h */ = {isa = PBXFileReference; fileEncoding = 4; lastKnownFileType = sourcecode.c.h; path = SMRateMoviesViewController.h; sourceTree = "<group>"; };
		28AF7E781970C14300EA07FD /* SMRateMoviesViewController.m */ = {isa = PBXFileReference; fileEncoding = 4; lastKnownFileType = sourcecode.c.objc; path = SMRateMoviesViewController.m; sourceTree = "<group>"; };
		571BFC9AE02849148672A8AA /* Pods-ShaunMerritt_AfterburnerApplication.xcconfig */ = {isa = PBXFileReference; includeInIndex = 1; lastKnownFileType = text.xcconfig; name = "Pods-ShaunMerritt_AfterburnerApplication.xcconfig"; path = "Pods/Pods-ShaunMerritt_AfterburnerApplication.xcconfig"; sourceTree = "<group>"; };
		E9989983132F4E3E81D46B86 /* libPods-ShaunMerritt_AfterburnerApplication.a */ = {isa = PBXFileReference; explicitFileType = archive.ar; includeInIndex = 0; path = "libPods-ShaunMerritt_AfterburnerApplication.a"; sourceTree = BUILT_PRODUCTS_DIR; };
/* End PBXFileReference section */

/* Begin PBXFrameworksBuildPhase section */
		28AF7E3C1970B86500EA07FD /* Frameworks */ = {
			isa = PBXFrameworksBuildPhase;
			buildActionMask = 2147483647;
			files = (
				288574911972524F009D7A9E /* libc++.dylib in Frameworks */,
				28AF7E451970B86500EA07FD /* CoreGraphics.framework in Frameworks */,
				28AF7E471970B86500EA07FD /* UIKit.framework in Frameworks */,
				28AF7E431970B86500EA07FD /* Foundation.framework in Frameworks */,
				E05E79CBF9B042278FFBD833 /* libPods-ShaunMerritt_AfterburnerApplication.a in Frameworks */,
			);
			runOnlyForDeploymentPostprocessing = 0;
		};
		28AF7E5D1970B86600EA07FD /* Frameworks */ = {
			isa = PBXFrameworksBuildPhase;
			buildActionMask = 2147483647;
			files = (
				28AF7E621970B86600EA07FD /* XCTest.framework in Frameworks */,
				28AF7E641970B86600EA07FD /* UIKit.framework in Frameworks */,
				28AF7E631970B86600EA07FD /* Foundation.framework in Frameworks */,
			);
			runOnlyForDeploymentPostprocessing = 0;
		};
/* End PBXFrameworksBuildPhase section */

/* Begin PBXGroup section */
		286B949C1970F1FB00C8F2C8 /* AFNetworking */ = {
			isa = PBXGroup;
			children = (
				286B949D1970F1FB00C8F2C8 /* AFHTTPRequestOperation.h */,
				286B949E1970F1FB00C8F2C8 /* AFHTTPRequestOperation.m */,
				286B949F1970F1FB00C8F2C8 /* AFHTTPRequestOperationManager.h */,
				286B94A01970F1FB00C8F2C8 /* AFHTTPRequestOperationManager.m */,
				286B94A11970F1FB00C8F2C8 /* AFHTTPSessionManager.h */,
				286B94A21970F1FB00C8F2C8 /* AFHTTPSessionManager.m */,
				286B94A31970F1FB00C8F2C8 /* AFNetworking.h */,
				286B94A41970F1FB00C8F2C8 /* AFNetworkReachabilityManager.h */,
				286B94A51970F1FB00C8F2C8 /* AFNetworkReachabilityManager.m */,
				286B94A61970F1FB00C8F2C8 /* AFSecurityPolicy.h */,
				286B94A71970F1FB00C8F2C8 /* AFSecurityPolicy.m */,
				286B94A81970F1FB00C8F2C8 /* AFURLConnectionOperation.h */,
				286B94A91970F1FB00C8F2C8 /* AFURLConnectionOperation.m */,
				286B94AA1970F1FB00C8F2C8 /* AFURLRequestSerialization.h */,
				286B94AB1970F1FB00C8F2C8 /* AFURLRequestSerialization.m */,
				286B94AC1970F1FB00C8F2C8 /* AFURLResponseSerialization.h */,
				286B94AD1970F1FB00C8F2C8 /* AFURLResponseSerialization.m */,
				286B94AE1970F1FB00C8F2C8 /* AFURLSessionManager.h */,
				286B94AF1970F1FB00C8F2C8 /* AFURLSessionManager.m */,
			);
			path = AFNetworking;
			sourceTree = "<group>";
		};
		286B94B01970F1FB00C8F2C8 /* UIKit+AFNetworking */ = {
			isa = PBXGroup;
			children = (
				286B94B11970F1FB00C8F2C8 /* AFNetworkActivityIndicatorManager.h */,
				286B94B21970F1FB00C8F2C8 /* AFNetworkActivityIndicatorManager.m */,
				286B94B31970F1FB00C8F2C8 /* UIActivityIndicatorView+AFNetworking.h */,
				286B94B41970F1FB00C8F2C8 /* UIActivityIndicatorView+AFNetworking.m */,
				286B94B51970F1FB00C8F2C8 /* UIAlertView+AFNetworking.h */,
				286B94B61970F1FB00C8F2C8 /* UIAlertView+AFNetworking.m */,
				286B94B71970F1FB00C8F2C8 /* UIButton+AFNetworking.h */,
				286B94B81970F1FB00C8F2C8 /* UIButton+AFNetworking.m */,
				286B94B91970F1FB00C8F2C8 /* UIImageView+AFNetworking.h */,
				286B94BA1970F1FB00C8F2C8 /* UIImageView+AFNetworking.m */,
				286B94BB1970F1FB00C8F2C8 /* UIKit+AFNetworking.h */,
				286B94BC1970F1FB00C8F2C8 /* UIProgressView+AFNetworking.h */,
				286B94BD1970F1FB00C8F2C8 /* UIProgressView+AFNetworking.m */,
				286B94BE1970F1FB00C8F2C8 /* UIRefreshControl+AFNetworking.h */,
				286B94BF1970F1FB00C8F2C8 /* UIRefreshControl+AFNetworking.m */,
				286B94C01970F1FB00C8F2C8 /* UIWebView+AFNetworking.h */,
				286B94C11970F1FB00C8F2C8 /* UIWebView+AFNetworking.m */,
			);
			path = "UIKit+AFNetworking";
			sourceTree = "<group>";
		};
		286B94D31970F50F00C8F2C8 /* JSONModel */ = {
			isa = PBXGroup;
			children = (
				286B94D41970F50F00C8F2C8 /* JSONModel */,
				286B94DF1970F50F00C8F2C8 /* JSONModelCategories */,
				286B94E21970F50F00C8F2C8 /* JSONModelLib.h */,
				286B94E31970F50F00C8F2C8 /* JSONModelNetworking */,
				286B94EA1970F50F00C8F2C8 /* JSONModelTransformations */,
			);
			path = JSONModel;
			sourceTree = "<group>";
		};
		286B94D41970F50F00C8F2C8 /* JSONModel */ = {
			isa = PBXGroup;
			children = (
				286B94D51970F50F00C8F2C8 /* JSONModel+CoreData.h */,
				286B94D61970F50F00C8F2C8 /* JSONModel+CoreData.m */,
				286B94D71970F50F00C8F2C8 /* JSONModel.h */,
				286B94D81970F50F00C8F2C8 /* JSONModel.m */,
				286B94D91970F50F00C8F2C8 /* JSONModelArray.h */,
				286B94DA1970F50F00C8F2C8 /* JSONModelArray.m */,
				286B94DB1970F50F00C8F2C8 /* JSONModelClassProperty.h */,
				286B94DC1970F50F00C8F2C8 /* JSONModelClassProperty.m */,
				286B94DD1970F50F00C8F2C8 /* JSONModelError.h */,
				286B94DE1970F50F00C8F2C8 /* JSONModelError.m */,
			);
			path = JSONModel;
			sourceTree = "<group>";
		};
		286B94DF1970F50F00C8F2C8 /* JSONModelCategories */ = {
			isa = PBXGroup;
			children = (
				286B94E01970F50F00C8F2C8 /* NSArray+JSONModel.h */,
				286B94E11970F50F00C8F2C8 /* NSArray+JSONModel.m */,
			);
			path = JSONModelCategories;
			sourceTree = "<group>";
		};
		286B94E31970F50F00C8F2C8 /* JSONModelNetworking */ = {
			isa = PBXGroup;
			children = (
				286B94E41970F50F00C8F2C8 /* JSONAPI.h */,
				286B94E51970F50F00C8F2C8 /* JSONAPI.m */,
				286B94E61970F50F00C8F2C8 /* JSONHTTPClient.h */,
				286B94E71970F50F00C8F2C8 /* JSONHTTPClient.m */,
				286B94E81970F50F00C8F2C8 /* JSONModel+networking.h */,
				286B94E91970F50F00C8F2C8 /* JSONModel+networking.m */,
			);
			path = JSONModelNetworking;
			sourceTree = "<group>";
		};
		286B94EA1970F50F00C8F2C8 /* JSONModelTransformations */ = {
			isa = PBXGroup;
			children = (
				286B94EB1970F50F00C8F2C8 /* JSONKeyMapper.h */,
				286B94EC1970F50F00C8F2C8 /* JSONKeyMapper.m */,
				286B94ED1970F50F00C8F2C8 /* JSONValueTransformer.h */,
				286B94EE1970F50F00C8F2C8 /* JSONValueTransformer.m */,
			);
			path = JSONModelTransformations;
			sourceTree = "<group>";
		};
		286B94FD1970F89700C8F2C8 /* Movie Data Formatter */ = {
			isa = PBXGroup;
			children = (
				286B94FE1970F91F00C8F2C8 /* SMRottenTomatoesFeed.h */,
				286B94FF1970F91F00C8F2C8 /* SMRottenTomatoesFeed.m */,
			);
			name = "Movie Data Formatter";
			sourceTree = "<group>";
		};
		28AF7E361970B86500EA07FD = {
			isa = PBXGroup;
			children = (
				28AF7E481970B86500EA07FD /* ShaunMerritt_AfterburnerApplication */,
				28AF7E671970B86600EA07FD /* ShaunMerritt_AfterburnerApplicationTests */,
				28AF7E411970B86500EA07FD /* Frameworks */,
				28AF7E401970B86500EA07FD /* Products */,
				571BFC9AE02849148672A8AA /* Pods-ShaunMerritt_AfterburnerApplication.xcconfig */,
			);
			sourceTree = "<group>";
		};
		28AF7E401970B86500EA07FD /* Products */ = {
			isa = PBXGroup;
			children = (
				28AF7E3F1970B86500EA07FD /* ShaunMerritt_AfterburnerApplication.app */,
				28AF7E601970B86600EA07FD /* ShaunMerritt_AfterburnerApplicationTests.xctest */,
			);
			name = Products;
			sourceTree = "<group>";
		};
		28AF7E411970B86500EA07FD /* Frameworks */ = {
			isa = PBXGroup;
			children = (
				288574901972524F009D7A9E /* libc++.dylib */,
				28AF7E421970B86500EA07FD /* Foundation.framework */,
				28AF7E441970B86500EA07FD /* CoreGraphics.framework */,
				28AF7E461970B86500EA07FD /* UIKit.framework */,
				28AF7E611970B86600EA07FD /* XCTest.framework */,
				E9989983132F4E3E81D46B86 /* libPods-ShaunMerritt_AfterburnerApplication.a */,
			);
			name = Frameworks;
			sourceTree = "<group>";
		};
		28AF7E481970B86500EA07FD /* ShaunMerritt_AfterburnerApplication */ = {
			isa = PBXGroup;
			children = (
				28AF7E511970B86500EA07FD /* SMAppDelegate.h */,
				28AF7E521970B86500EA07FD /* SMAppDelegate.m */,
				28AF7E541970B86500EA07FD /* Main.storyboard */,
				28AF7E571970B86500EA07FD /* SMViewController.h */,
				28AF7E581970B86500EA07FD /* SMViewController.m */,
				28AF7E7A1970C14A00EA07FD /* Rate Movies Controller */,
				28AF7E5A1970B86500EA07FD /* Images.xcassets */,
				28AF7E491970B86500EA07FD /* Supporting Files */,
			);
			path = ShaunMerritt_AfterburnerApplication;
			sourceTree = "<group>";
		};
		28AF7E491970B86500EA07FD /* Supporting Files */ = {
			isa = PBXGroup;
			children = (
				286B94D31970F50F00C8F2C8 /* JSONModel */,
				286B949C1970F1FB00C8F2C8 /* AFNetworking */,
				286B94B01970F1FB00C8F2C8 /* UIKit+AFNetworking */,
				28AF7E4A1970B86500EA07FD /* ShaunMerritt_AfterburnerApplication-Info.plist */,
				28AF7E4B1970B86500EA07FD /* InfoPlist.strings */,
				28AF7E4E1970B86500EA07FD /* main.m */,
				28AF7E501970B86500EA07FD /* ShaunMerritt_AfterburnerApplication-Prefix.pch */,
			);
			name = "Supporting Files";
			sourceTree = "<group>";
		};
		28AF7E671970B86600EA07FD /* ShaunMerritt_AfterburnerApplicationTests */ = {
			isa = PBXGroup;
			children = (
				28AF7E6D1970B86600EA07FD /* ShaunMerritt_AfterburnerApplicationTests.m */,
				28AF7E681970B86600EA07FD /* Supporting Files */,
			);
			path = ShaunMerritt_AfterburnerApplicationTests;
			sourceTree = "<group>";
		};
		28AF7E681970B86600EA07FD /* Supporting Files */ = {
			isa = PBXGroup;
			children = (
				28AF7E691970B86600EA07FD /* ShaunMerritt_AfterburnerApplicationTests-Info.plist */,
				28AF7E6A1970B86600EA07FD /* InfoPlist.strings */,
			);
			name = "Supporting Files";
			sourceTree = "<group>";
		};
		28AF7E7A1970C14A00EA07FD /* Rate Movies Controller */ = {
			isa = PBXGroup;
			children = (
				2856F7B31973622A00FC3316 /* SMPhotoModel.h */,
				2856F7B41973622A00FC3316 /* SMPhotoModel.m */,
				28AF7E771970C14300EA07FD /* SMRateMoviesViewController.h */,
				2856F7B61973625100FC3316 /* SMMovieModel.h */,
				28AF7E781970C14300EA07FD /* SMRateMoviesViewController.m */,
				2856F7B11973600700FC3316 /* SMMovieModel.m */,
				284B9CDA1971C6830049BCB9 /* SMOverlayView.h */,
				284B9CDB1971C6830049BCB9 /* SMOverlayView.m */,
				286B94FD1970F89700C8F2C8 /* Movie Data Formatter */,
			);
			name = "Rate Movies Controller";
			sourceTree = "<group>";
		};
/* End PBXGroup section */

/* Begin PBXNativeTarget section */
		28AF7E3E1970B86500EA07FD /* ShaunMerritt_AfterburnerApplication */ = {
			isa = PBXNativeTarget;
			buildConfigurationList = 28AF7E711970B86600EA07FD /* Build configuration list for PBXNativeTarget "ShaunMerritt_AfterburnerApplication" */;
			buildPhases = (
				E0276C86EE38439583817A4F /* Check Pods Manifest.lock */,
				28AF7E3B1970B86500EA07FD /* Sources */,
				28AF7E3C1970B86500EA07FD /* Frameworks */,
				28AF7E3D1970B86500EA07FD /* Resources */,
				1B48B8905EEB4808B490EC9A /* Copy Pods Resources */,
			);
			buildRules = (
			);
			dependencies = (
			);
			name = ShaunMerritt_AfterburnerApplication;
			productName = ShaunMerritt_AfterburnerApplication;
			productReference = 28AF7E3F1970B86500EA07FD /* ShaunMerritt_AfterburnerApplication.app */;
			productType = "com.apple.product-type.application";
		};
		28AF7E5F1970B86600EA07FD /* ShaunMerritt_AfterburnerApplicationTests */ = {
			isa = PBXNativeTarget;
			buildConfigurationList = 28AF7E741970B86600EA07FD /* Build configuration list for PBXNativeTarget "ShaunMerritt_AfterburnerApplicationTests" */;
			buildPhases = (
				28AF7E5C1970B86600EA07FD /* Sources */,
				28AF7E5D1970B86600EA07FD /* Frameworks */,
				28AF7E5E1970B86600EA07FD /* Resources */,
			);
			buildRules = (
			);
			dependencies = (
				28AF7E661970B86600EA07FD /* PBXTargetDependency */,
			);
			name = ShaunMerritt_AfterburnerApplicationTests;
			productName = ShaunMerritt_AfterburnerApplicationTests;
			productReference = 28AF7E601970B86600EA07FD /* ShaunMerritt_AfterburnerApplicationTests.xctest */;
			productType = "com.apple.product-type.bundle.unit-test";
		};
/* End PBXNativeTarget section */

/* Begin PBXProject section */
		28AF7E371970B86500EA07FD /* Project object */ = {
			isa = PBXProject;
			attributes = {
				CLASSPREFIX = SM;
				LastUpgradeCheck = 0510;
				ORGANIZATIONNAME = "True Merit Development";
				TargetAttributes = {
					28AF7E5F1970B86600EA07FD = {
						TestTargetID = 28AF7E3E1970B86500EA07FD;
					};
				};
			};
			buildConfigurationList = 28AF7E3A1970B86500EA07FD /* Build configuration list for PBXProject "ShaunMerritt_AfterburnerApplication" */;
			compatibilityVersion = "Xcode 3.2";
			developmentRegion = English;
			hasScannedForEncodings = 0;
			knownRegions = (
				en,
				Base,
			);
			mainGroup = 28AF7E361970B86500EA07FD;
			productRefGroup = 28AF7E401970B86500EA07FD /* Products */;
			projectDirPath = "";
			projectRoot = "";
			targets = (
				28AF7E3E1970B86500EA07FD /* ShaunMerritt_AfterburnerApplication */,
				28AF7E5F1970B86600EA07FD /* ShaunMerritt_AfterburnerApplicationTests */,
			);
		};
/* End PBXProject section */

/* Begin PBXResourcesBuildPhase section */
		28AF7E3D1970B86500EA07FD /* Resources */ = {
			isa = PBXResourcesBuildPhase;
			buildActionMask = 2147483647;
			files = (
				28AF7E5B1970B86500EA07FD /* Images.xcassets in Resources */,
				28AF7E4D1970B86500EA07FD /* InfoPlist.strings in Resources */,
				28AF7E561970B86500EA07FD /* Main.storyboard in Resources */,
			);
			runOnlyForDeploymentPostprocessing = 0;
		};
		28AF7E5E1970B86600EA07FD /* Resources */ = {
			isa = PBXResourcesBuildPhase;
			buildActionMask = 2147483647;
			files = (
				28AF7E6C1970B86600EA07FD /* InfoPlist.strings in Resources */,
			);
			runOnlyForDeploymentPostprocessing = 0;
		};
/* End PBXResourcesBuildPhase section */

/* Begin PBXShellScriptBuildPhase section */
		1B48B8905EEB4808B490EC9A /* Copy Pods Resources */ = {
			isa = PBXShellScriptBuildPhase;
			buildActionMask = 2147483647;
			files = (
			);
			inputPaths = (
			);
			name = "Copy Pods Resources";
			outputPaths = (
			);
			runOnlyForDeploymentPostprocessing = 0;
			shellPath = /bin/sh;
			shellScript = "\"${SRCROOT}/Pods/Pods-ShaunMerritt_AfterburnerApplication-resources.sh\"\n";
			showEnvVarsInLog = 0;
		};
		E0276C86EE38439583817A4F /* Check Pods Manifest.lock */ = {
			isa = PBXShellScriptBuildPhase;
			buildActionMask = 2147483647;
			files = (
			);
			inputPaths = (
			);
			name = "Check Pods Manifest.lock";
			outputPaths = (
			);
			runOnlyForDeploymentPostprocessing = 0;
			shellPath = /bin/sh;
			shellScript = "diff \"${PODS_ROOT}/../Podfile.lock\" \"${PODS_ROOT}/Manifest.lock\" > /dev/null\nif [[ $? != 0 ]] ; then\n    cat << EOM\nerror: The sandbox is not in sync with the Podfile.lock. Run 'pod install' or update your CocoaPods installation.\nEOM\n    exit 1\nfi\n";
			showEnvVarsInLog = 0;
		};
/* End PBXShellScriptBuildPhase section */

/* Begin PBXSourcesBuildPhase section */
		28AF7E3B1970B86500EA07FD /* Sources */ = {
			isa = PBXSourcesBuildPhase;
			buildActionMask = 2147483647;
			files = (
				2856F7B51973622A00FC3316 /* SMPhotoModel.m in Sources */,
				286B94F51970F50F00C8F2C8 /* JSONAPI.m in Sources */,
				286B94D01970F1FB00C8F2C8 /* UIProgressView+AFNetworking.m in Sources */,
				286B94CE1970F1FB00C8F2C8 /* UIButton+AFNetworking.m in Sources */,
				286B94F81970F50F00C8F2C8 /* JSONKeyMapper.m in Sources */,
				286B94D11970F1FB00C8F2C8 /* UIRefreshControl+AFNetworking.m in Sources */,
				286B94CD1970F1FB00C8F2C8 /* UIAlertView+AFNetworking.m in Sources */,
				286B94EF1970F50F00C8F2C8 /* JSONModel+CoreData.m in Sources */,
				28AF7E531970B86500EA07FD /* SMAppDelegate.m in Sources */,
				2856F7B21973600700FC3316 /* SMMovieModel.m in Sources */,
				286B94F71970F50F00C8F2C8 /* JSONModel+networking.m in Sources */,
				286B94C61970F1FB00C8F2C8 /* AFSecurityPolicy.m in Sources */,
				286B94F21970F50F00C8F2C8 /* JSONModelClassProperty.m in Sources */,
				28AF7E791970C14300EA07FD /* SMRateMoviesViewController.m in Sources */,
				286B94C31970F1FB00C8F2C8 /* AFHTTPRequestOperationManager.m in Sources */,
				286B94F41970F50F00C8F2C8 /* NSArray+JSONModel.m in Sources */,
				286B94F31970F50F00C8F2C8 /* JSONModelError.m in Sources */,
				286B94C71970F1FB00C8F2C8 /* AFURLConnectionOperation.m in Sources */,
				286B94CF1970F1FB00C8F2C8 /* UIImageView+AFNetworking.m in Sources */,
				286B94C21970F1FB00C8F2C8 /* AFHTTPRequestOperation.m in Sources */,
				286B94F61970F50F00C8F2C8 /* JSONHTTPClient.m in Sources */,
				286B94CC1970F1FB00C8F2C8 /* UIActivityIndicatorView+AFNetworking.m in Sources */,
				28AF7E591970B86500EA07FD /* SMViewController.m in Sources */,
				286B94C81970F1FB00C8F2C8 /* AFURLRequestSerialization.m in Sources */,
				286B94C41970F1FB00C8F2C8 /* AFHTTPSessionManager.m in Sources */,
				286B94C51970F1FB00C8F2C8 /* AFNetworkReachabilityManager.m in Sources */,
				286B94C91970F1FB00C8F2C8 /* AFURLResponseSerialization.m in Sources */,
				286B94F01970F50F00C8F2C8 /* JSONModel.m in Sources */,
				286B94D21970F1FB00C8F2C8 /* UIWebView+AFNetworking.m in Sources */,
				286B94F91970F50F00C8F2C8 /* JSONValueTransformer.m in Sources */,
				286B94CA1970F1FB00C8F2C8 /* AFURLSessionManager.m in Sources */,
				286B94F11970F50F00C8F2C8 /* JSONModelArray.m in Sources */,
				286B95001970F91F00C8F2C8 /* SMRottenTomatoesFeed.m in Sources */,
				284B9CDC1971C6830049BCB9 /* SMOverlayView.m in Sources */,
				286B94CB1970F1FB00C8F2C8 /* AFNetworkActivityIndicatorManager.m in Sources */,
				28AF7E4F1970B86500EA07FD /* main.m in Sources */,
			);
			runOnlyForDeploymentPostprocessing = 0;
		};
		28AF7E5C1970B86600EA07FD /* Sources */ = {
			isa = PBXSourcesBuildPhase;
			buildActionMask = 2147483647;
			files = (
				28AF7E6E1970B86600EA07FD /* ShaunMerritt_AfterburnerApplicationTests.m in Sources */,
			);
			runOnlyForDeploymentPostprocessing = 0;
		};
/* End PBXSourcesBuildPhase section */

/* Begin PBXTargetDependency section */
		28AF7E661970B86600EA07FD /* PBXTargetDependency */ = {
			isa = PBXTargetDependency;
			target = 28AF7E3E1970B86500EA07FD /* ShaunMerritt_AfterburnerApplication */;
			targetProxy = 28AF7E651970B86600EA07FD /* PBXContainerItemProxy */;
		};
/* End PBXTargetDependency section */

/* Begin PBXVariantGroup section */
		28AF7E4B1970B86500EA07FD /* InfoPlist.strings */ = {
			isa = PBXVariantGroup;
			children = (
				28AF7E4C1970B86500EA07FD /* en */,
			);
			name = InfoPlist.strings;
			sourceTree = "<group>";
		};
		28AF7E541970B86500EA07FD /* Main.storyboard */ = {
			isa = PBXVariantGroup;
			children = (
				28AF7E551970B86500EA07FD /* Base */,
			);
			name = Main.storyboard;
			sourceTree = "<group>";
		};
		28AF7E6A1970B86600EA07FD /* InfoPlist.strings */ = {
			isa = PBXVariantGroup;
			children = (
				28AF7E6B1970B86600EA07FD /* en */,
			);
			name = InfoPlist.strings;
			sourceTree = "<group>";
		};
/* End PBXVariantGroup section */

/* Begin XCBuildConfiguration section */
		28AF7E6F1970B86600EA07FD /* Debug */ = {
			isa = XCBuildConfiguration;
			buildSettings = {
				ALWAYS_SEARCH_USER_PATHS = NO;
				CLANG_CXX_LANGUAGE_STANDARD = "gnu++0x";
				CLANG_CXX_LIBRARY = "libc++";
				CLANG_ENABLE_MODULES = YES;
				CLANG_ENABLE_OBJC_ARC = YES;
				CLANG_WARN_BOOL_CONVERSION = YES;
				CLANG_WARN_CONSTANT_CONVERSION = YES;
				CLANG_WARN_DIRECT_OBJC_ISA_USAGE = YES_ERROR;
				CLANG_WARN_EMPTY_BODY = YES;
				CLANG_WARN_ENUM_CONVERSION = YES;
				CLANG_WARN_INT_CONVERSION = YES;
				CLANG_WARN_OBJC_ROOT_CLASS = YES_ERROR;
				CLANG_WARN__DUPLICATE_METHOD_MATCH = YES;
				"CODE_SIGN_IDENTITY[sdk=iphoneos*]" = "iPhone Developer";
				COPY_PHASE_STRIP = NO;
				GCC_C_LANGUAGE_STANDARD = gnu99;
				GCC_DYNAMIC_NO_PIC = NO;
				GCC_OPTIMIZATION_LEVEL = 0;
				GCC_PREPROCESSOR_DEFINITIONS = (
					"DEBUG=1",
					"$(inherited)",
				);
				GCC_SYMBOLS_PRIVATE_EXTERN = NO;
				GCC_WARN_64_TO_32_BIT_CONVERSION = YES;
				GCC_WARN_ABOUT_RETURN_TYPE = YES_ERROR;
				GCC_WARN_UNDECLARED_SELECTOR = YES;
				GCC_WARN_UNINITIALIZED_AUTOS = YES_AGGRESSIVE;
				GCC_WARN_UNUSED_FUNCTION = YES;
				GCC_WARN_UNUSED_VARIABLE = YES;
				IPHONEOS_DEPLOYMENT_TARGET = 7.1;
				ONLY_ACTIVE_ARCH = YES;
				SDKROOT = iphoneos;
			};
			name = Debug;
		};
		28AF7E701970B86600EA07FD /* Release */ = {
			isa = XCBuildConfiguration;
			buildSettings = {
				ALWAYS_SEARCH_USER_PATHS = NO;
				CLANG_CXX_LANGUAGE_STANDARD = "gnu++0x";
				CLANG_CXX_LIBRARY = "libc++";
				CLANG_ENABLE_MODULES = YES;
				CLANG_ENABLE_OBJC_ARC = YES;
				CLANG_WARN_BOOL_CONVERSION = YES;
				CLANG_WARN_CONSTANT_CONVERSION = YES;
				CLANG_WARN_DIRECT_OBJC_ISA_USAGE = YES_ERROR;
				CLANG_WARN_EMPTY_BODY = YES;
				CLANG_WARN_ENUM_CONVERSION = YES;
				CLANG_WARN_INT_CONVERSION = YES;
				CLANG_WARN_OBJC_ROOT_CLASS = YES_ERROR;
				CLANG_WARN__DUPLICATE_METHOD_MATCH = YES;
				"CODE_SIGN_IDENTITY[sdk=iphoneos*]" = "iPhone Developer";
				COPY_PHASE_STRIP = YES;
				ENABLE_NS_ASSERTIONS = NO;
				GCC_C_LANGUAGE_STANDARD = gnu99;
				GCC_WARN_64_TO_32_BIT_CONVERSION = YES;
				GCC_WARN_ABOUT_RETURN_TYPE = YES_ERROR;
				GCC_WARN_UNDECLARED_SELECTOR = YES;
				GCC_WARN_UNINITIALIZED_AUTOS = YES_AGGRESSIVE;
				GCC_WARN_UNUSED_FUNCTION = YES;
				GCC_WARN_UNUSED_VARIABLE = YES;
				IPHONEOS_DEPLOYMENT_TARGET = 7.1;
				SDKROOT = iphoneos;
				VALIDATE_PRODUCT = YES;
			};
			name = Release;
		};
		28AF7E721970B86600EA07FD /* Debug */ = {
			isa = XCBuildConfiguration;
			baseConfigurationReference = 571BFC9AE02849148672A8AA /* Pods-ShaunMerritt_AfterburnerApplication.xcconfig */;
			buildSettings = {
				ASSETCATALOG_COMPILER_APPICON_NAME = AppIcon;
				ASSETCATALOG_COMPILER_LAUNCHIMAGE_NAME = LaunchImage;
				GCC_PRECOMPILE_PREFIX_HEADER = YES;
				GCC_PREFIX_HEADER = "ShaunMerritt_AfterburnerApplication/ShaunMerritt_AfterburnerApplication-Prefix.pch";
				INFOPLIST_FILE = "ShaunMerritt_AfterburnerApplication/ShaunMerritt_AfterburnerApplication-Info.plist";
				OTHER_LDFLAGS = "";
				PRODUCT_NAME = "$(TARGET_NAME)";
				WRAPPER_EXTENSION = app;
			};
			name = Debug;
		};
		28AF7E731970B86600EA07FD /* Release */ = {
			isa = XCBuildConfiguration;
			baseConfigurationReference = 571BFC9AE02849148672A8AA /* Pods-ShaunMerritt_AfterburnerApplication.xcconfig */;
			buildSettings = {
				ASSETCATALOG_COMPILER_APPICON_NAME = AppIcon;
				ASSETCATALOG_COMPILER_LAUNCHIMAGE_NAME = LaunchImage;
				GCC_PRECOMPILE_PREFIX_HEADER = YES;
				GCC_PREFIX_HEADER = "ShaunMerritt_AfterburnerApplication/ShaunMerritt_AfterburnerApplication-Prefix.pch";
				INFOPLIST_FILE = "ShaunMerritt_AfterburnerApplication/ShaunMerritt_AfterburnerApplication-Info.plist";
				OTHER_LDFLAGS = "";
				PRODUCT_NAME = "$(TARGET_NAME)";
				WRAPPER_EXTENSION = app;
			};
			name = Release;
		};
		28AF7E751970B86600EA07FD /* Debug */ = {
			isa = XCBuildConfiguration;
			buildSettings = {
				BUNDLE_LOADER = "$(BUILT_PRODUCTS_DIR)/ShaunMerritt_AfterburnerApplication.app/ShaunMerritt_AfterburnerApplication";
				FRAMEWORK_SEARCH_PATHS = (
					"$(SDKROOT)/Developer/Library/Frameworks",
					"$(inherited)",
					"$(DEVELOPER_FRAMEWORKS_DIR)",
				);
				GCC_PRECOMPILE_PREFIX_HEADER = YES;
				GCC_PREFIX_HEADER = "ShaunMerritt_AfterburnerApplication/ShaunMerritt_AfterburnerApplication-Prefix.pch";
				GCC_PREPROCESSOR_DEFINITIONS = (
					"DEBUG=1",
					"$(inherited)",
				);
				INFOPLIST_FILE = "ShaunMerritt_AfterburnerApplicationTests/ShaunMerritt_AfterburnerApplicationTests-Info.plist";
				PRODUCT_NAME = "$(TARGET_NAME)";
				TEST_HOST = "$(BUNDLE_LOADER)";
				WRAPPER_EXTENSION = xctest;
			};
			name = Debug;
		};
		28AF7E761970B86600EA07FD /* Release */ = {
			isa = XCBuildConfiguration;
			buildSettings = {
				BUNDLE_LOADER = "$(BUILT_PRODUCTS_DIR)/ShaunMerritt_AfterburnerApplication.app/ShaunMerritt_AfterburnerApplication";
				FRAMEWORK_SEARCH_PATHS = (
					"$(SDKROOT)/Developer/Library/Frameworks",
					"$(inherited)",
					"$(DEVELOPER_FRAMEWORKS_DIR)",
				);
				GCC_PRECOMPILE_PREFIX_HEADER = YES;
				GCC_PREFIX_HEADER = "ShaunMerritt_AfterburnerApplication/ShaunMerritt_AfterburnerApplication-Prefix.pch";
				INFOPLIST_FILE = "ShaunMerritt_AfterburnerApplicationTests/ShaunMerritt_AfterburnerApplicationTests-Info.plist";
				PRODUCT_NAME = "$(TARGET_NAME)";
				TEST_HOST = "$(BUNDLE_LOADER)";
				WRAPPER_EXTENSION = xctest;
			};
			name = Release;
		};
/* End XCBuildConfiguration section */

/* Begin XCConfigurationList section */
		28AF7E3A1970B86500EA07FD /* Build configuration list for PBXProject "ShaunMerritt_AfterburnerApplication" */ = {
			isa = XCConfigurationList;
			buildConfigurations = (
				28AF7E6F1970B86600EA07FD /* Debug */,
				28AF7E701970B86600EA07FD /* Release */,
			);
			defaultConfigurationIsVisible = 0;
			defaultConfigurationName = Release;
		};
		28AF7E711970B86600EA07FD /* Build configuration list for PBXNativeTarget "ShaunMerritt_AfterburnerApplication" */ = {
			isa = XCConfigurationList;
			buildConfigurations = (
				28AF7E721970B86600EA07FD /* Debug */,
				28AF7E731970B86600EA07FD /* Release */,
			);
			defaultConfigurationIsVisible = 0;
			defaultConfigurationName = Release;
		};
		28AF7E741970B86600EA07FD /* Build configuration list for PBXNativeTarget "ShaunMerritt_AfterburnerApplicationTests" */ = {
			isa = XCConfigurationList;
			buildConfigurations = (
				28AF7E751970B86600EA07FD /* Debug */,
				28AF7E761970B86600EA07FD /* Release */,
			);
			defaultConfigurationIsVisible = 0;
			defaultConfigurationName = Release;
		};
/* End XCConfigurationList section */
	};
	rootObject = 28AF7E371970B86500EA07FD /* Project object */;
}
